// !$*UTF8*$!
{
	archiveVersion = 1;
	classes = {
	};
	objectVersion = 55;
	objects = {

/* Begin PBXBuildFile section */
		3B61C155284E06210000AB94 /* AppDelegate.swift in Sources */ = {isa = PBXBuildFile; fileRef = 3B61C154284E06210000AB94 /* AppDelegate.swift */; };
		3B61C157284E06210000AB94 /* SceneDelegate.swift in Sources */ = {isa = PBXBuildFile; fileRef = 3B61C156284E06210000AB94 /* SceneDelegate.swift */; };
		3B61C159284E06210000AB94 /* ViewController.swift in Sources */ = {isa = PBXBuildFile; fileRef = 3B61C158284E06210000AB94 /* ViewController.swift */; };
		3B61C15C284E06210000AB94 /* Main.storyboard in Resources */ = {isa = PBXBuildFile; fileRef = 3B61C15A284E06210000AB94 /* Main.storyboard */; };
		3B61C15E284E06240000AB94 /* Assets.xcassets in Resources */ = {isa = PBXBuildFile; fileRef = 3B61C15D284E06240000AB94 /* Assets.xcassets */; };
		3B61C161284E06240000AB94 /* LaunchScreen.storyboard in Resources */ = {isa = PBXBuildFile; fileRef = 3B61C15F284E06240000AB94 /* LaunchScreen.storyboard */; };
		3B61C16C284E06240000AB94 /* collectionviewTests.swift in Sources */ = {isa = PBXBuildFile; fileRef = 3B61C16B284E06240000AB94 /* collectionviewTests.swift */; };
		3B61C176284E06240000AB94 /* collectionviewUITests.swift in Sources */ = {isa = PBXBuildFile; fileRef = 3B61C175284E06240000AB94 /* collectionviewUITests.swift */; };
		3B61C178284E06240000AB94 /* collectionviewUITestsLaunchTests.swift in Sources */ = {isa = PBXBuildFile; fileRef = 3B61C177284E06240000AB94 /* collectionviewUITestsLaunchTests.swift */; };
		3B61C185284E06B60000AB94 /* CollectionViewCell.swift in Sources */ = {isa = PBXBuildFile; fileRef = 3B61C184284E06B60000AB94 /* CollectionViewCell.swift */; };
/* End PBXBuildFile section */

/* Begin PBXContainerItemProxy section */
		3B61C168284E06240000AB94 /* PBXContainerItemProxy */ = {
			isa = PBXContainerItemProxy;
			containerPortal = 3B61C149284E06210000AB94 /* Project object */;
			proxyType = 1;
			remoteGlobalIDString = 3B61C150284E06210000AB94;
			remoteInfo = collectionview;
		};
		3B61C172284E06240000AB94 /* PBXContainerItemProxy */ = {
			isa = PBXContainerItemProxy;
			containerPortal = 3B61C149284E06210000AB94 /* Project object */;
			proxyType = 1;
			remoteGlobalIDString = 3B61C150284E06210000AB94;
			remoteInfo = collectionview;
		};
/* End PBXContainerItemProxy section */

/* Begin PBXFileReference section */
		3B61C151284E06210000AB94 /* collectionview.app */ = {isa = PBXFileReference; explicitFileType = wrapper.application; includeInIndex = 0; path = collectionview.app; sourceTree = BUILT_PRODUCTS_DIR; };
		3B61C154284E06210000AB94 /* AppDelegate.swift */ = {isa = PBXFileReference; lastKnownFileType = sourcecode.swift; path = AppDelegate.swift; sourceTree = "<group>"; };
		3B61C156284E06210000AB94 /* SceneDelegate.swift */ = {isa = PBXFileReference; lastKnownFileType = sourcecode.swift; path = SceneDelegate.swift; sourceTree = "<group>"; };
		3B61C158284E06210000AB94 /* ViewController.swift */ = {isa = PBXFileReference; lastKnownFileType = sourcecode.swift; path = ViewController.swift; sourceTree = "<group>"; };
		3B61C15B284E06210000AB94 /* Base */ = {isa = PBXFileReference; lastKnownFileType = file.storyboard; name = Base; path = Base.lproj/Main.storyboard; sourceTree = "<group>"; };
		3B61C15D284E06240000AB94 /* Assets.xcassets */ = {isa = PBXFileReference; lastKnownFileType = folder.assetcatalog; path = Assets.xcassets; sourceTree = "<group>"; };
		3B61C160284E06240000AB94 /* Base */ = {isa = PBXFileReference; lastKnownFileType = file.storyboard; name = Base; path = Base.lproj/LaunchScreen.storyboard; sourceTree = "<group>"; };
		3B61C162284E06240000AB94 /* Info.plist */ = {isa = PBXFileReference; lastKnownFileType = text.plist.xml; path = Info.plist; sourceTree = "<group>"; };
		3B61C167284E06240000AB94 /* collectionviewTests.xctest */ = {isa = PBXFileReference; explicitFileType = wrapper.cfbundle; includeInIndex = 0; path = collectionviewTests.xctest; sourceTree = BUILT_PRODUCTS_DIR; };
		3B61C16B284E06240000AB94 /* collectionviewTests.swift */ = {isa = PBXFileReference; lastKnownFileType = sourcecode.swift; path = collectionviewTests.swift; sourceTree = "<group>"; };
		3B61C171284E06240000AB94 /* collectionviewUITests.xctest */ = {isa = PBXFileReference; explicitFileType = wrapper.cfbundle; includeInIndex = 0; path = collectionviewUITests.xctest; sourceTree = BUILT_PRODUCTS_DIR; };
		3B61C175284E06240000AB94 /* collectionviewUITests.swift */ = {isa = PBXFileReference; lastKnownFileType = sourcecode.swift; path = collectionviewUITests.swift; sourceTree = "<group>"; };
		3B61C177284E06240000AB94 /* collectionviewUITestsLaunchTests.swift */ = {isa = PBXFileReference; lastKnownFileType = sourcecode.swift; path = collectionviewUITestsLaunchTests.swift; sourceTree = "<group>"; };
		3B61C184284E06B60000AB94 /* CollectionViewCell.swift */ = {isa = PBXFileReference; lastKnownFileType = sourcecode.swift; path = CollectionViewCell.swift; sourceTree = "<group>"; };
/* End PBXFileReference section */

/* Begin PBXFrameworksBuildPhase section */
		3B61C14E284E06210000AB94 /* Frameworks */ = {
			isa = PBXFrameworksBuildPhase;
			buildActionMask = 2147483647;
			files = (
			);
			runOnlyForDeploymentPostprocessing = 0;
		};
		3B61C164284E06240000AB94 /* Frameworks */ = {
			isa = PBXFrameworksBuildPhase;
			buildActionMask = 2147483647;
			files = (
			);
			runOnlyForDeploymentPostprocessing = 0;
		};
		3B61C16E284E06240000AB94 /* Frameworks */ = {
			isa = PBXFrameworksBuildPhase;
			buildActionMask = 2147483647;
			files = (
			);
			runOnlyForDeploymentPostprocessing = 0;
		};
/* End PBXFrameworksBuildPhase section */

/* Begin PBXGroup section */
		3B61C148284E06210000AB94 = {
			isa = PBXGroup;
			children = (
				3B61C153284E06210000AB94 /* collectionview */,
				3B61C16A284E06240000AB94 /* collectionviewTests */,
				3B61C174284E06240000AB94 /* collectionviewUITests */,
				3B61C152284E06210000AB94 /* Products */,
			);
			sourceTree = "<group>";
		};
		3B61C152284E06210000AB94 /* Products */ = {
			isa = PBXGroup;
			children = (
				3B61C151284E06210000AB94 /* collectionview.app */,
				3B61C167284E06240000AB94 /* collectionviewTests.xctest */,
				3B61C171284E06240000AB94 /* collectionviewUITests.xctest */,
			);
			name = Products;
			sourceTree = "<group>";
		};
		3B61C153284E06210000AB94 /* collectionview */ = {
			isa = PBXGroup;
			children = (
				3B61C154284E06210000AB94 /* AppDelegate.swift */,
				3B61C156284E06210000AB94 /* SceneDelegate.swift */,
				3B61C158284E06210000AB94 /* ViewController.swift */,
				3B61C15A284E06210000AB94 /* Main.storyboard */,
				3B61C184284E06B60000AB94 /* CollectionViewCell.swift */,
				3B61C15D284E06240000AB94 /* Assets.xcassets */,
				3B61C15F284E06240000AB94 /* LaunchScreen.storyboard */,
				3B61C162284E06240000AB94 /* Info.plist */,
			);
			path = collectionview;
			sourceTree = "<group>";
		};
		3B61C16A284E06240000AB94 /* collectionviewTests */ = {
			isa = PBXGroup;
			children = (
				3B61C16B284E06240000AB94 /* collectionviewTests.swift */,
			);
			path = collectionviewTests;
			sourceTree = "<group>";
		};
		3B61C174284E06240000AB94 /* collectionviewUITests */ = {
			isa = PBXGroup;
			children = (
				3B61C175284E06240000AB94 /* collectionviewUITests.swift */,
				3B61C177284E06240000AB94 /* collectionviewUITestsLaunchTests.swift */,
			);
			path = collectionviewUITests;
			sourceTree = "<group>";
		};
/* End PBXGroup section */

/* Begin PBXNativeTarget section */
		3B61C150284E06210000AB94 /* collectionview */ = {
			isa = PBXNativeTarget;
			buildConfigurationList = 3B61C17B284E06240000AB94 /* Build configuration list for PBXNativeTarget "collectionview" */;
			buildPhases = (
				3B61C14D284E06210000AB94 /* Sources */,
				3B61C14E284E06210000AB94 /* Frameworks */,
				3B61C14F284E06210000AB94 /* Resources */,
			);
			buildRules = (
			);
			dependencies = (
			);
			name = collectionview;
			productName = collectionview;
			productReference = 3B61C151284E06210000AB94 /* collectionview.app */;
			productType = "com.apple.product-type.application";
		};
		3B61C166284E06240000AB94 /* collectionviewTests */ = {
			isa = PBXNativeTarget;
			buildConfigurationList = 3B61C17E284E06240000AB94 /* Build configuration list for PBXNativeTarget "collectionviewTests" */;
			buildPhases = (
				3B61C163284E06240000AB94 /* Sources */,
				3B61C164284E06240000AB94 /* Frameworks */,
				3B61C165284E06240000AB94 /* Resources */,
			);
			buildRules = (
			);
			dependencies = (
				3B61C169284E06240000AB94 /* PBXTargetDependency */,
			);
			name = collectionviewTests;
			productName = collectionviewTests;
			productReference = 3B61C167284E06240000AB94 /* collectionviewTests.xctest */;
			productType = "com.apple.product-type.bundle.unit-test";
		};
		3B61C170284E06240000AB94 /* collectionviewUITests */ = {
			isa = PBXNativeTarget;
			buildConfigurationList = 3B61C181284E06240000AB94 /* Build configuration list for PBXNativeTarget "collectionviewUITests" */;
			buildPhases = (
				3B61C16D284E06240000AB94 /* Sources */,
				3B61C16E284E06240000AB94 /* Frameworks */,
				3B61C16F284E06240000AB94 /* Resources */,
			);
			buildRules = (
			);
			dependencies = (
				3B61C173284E06240000AB94 /* PBXTargetDependency */,
			);
			name = collectionviewUITests;
			productName = collectionviewUITests;
			productReference = 3B61C171284E06240000AB94 /* collectionviewUITests.xctest */;
			productType = "com.apple.product-type.bundle.ui-testing";
		};
/* End PBXNativeTarget section */

/* Begin PBXProject section */
		3B61C149284E06210000AB94 /* Project object */ = {
			isa = PBXProject;
			attributes = {
				BuildIndependentTargetsInParallel = 1;
				LastSwiftUpdateCheck = 1340;
				LastUpgradeCheck = 1340;
				TargetAttributes = {
					3B61C150284E06210000AB94 = {
						CreatedOnToolsVersion = 13.4;
					};
					3B61C166284E06240000AB94 = {
						CreatedOnToolsVersion = 13.4;
						TestTargetID = 3B61C150284E06210000AB94;
					};
					3B61C170284E06240000AB94 = {
						CreatedOnToolsVersion = 13.4;
						TestTargetID = 3B61C150284E06210000AB94;
					};
				};
			};
			buildConfigurationList = 3B61C14C284E06210000AB94 /* Build configuration list for PBXProject "collectionview" */;
			compatibilityVersion = "Xcode 13.0";
			developmentRegion = en;
			hasScannedForEncodings = 0;
			knownRegions = (
				en,
				Base,
			);
			mainGroup = 3B61C148284E06210000AB94;
			productRefGroup = 3B61C152284E06210000AB94 /* Products */;
			projectDirPath = "";
			projectRoot = "";
			targets = (
				3B61C150284E06210000AB94 /* collectionview */,
				3B61C166284E06240000AB94 /* collectionviewTests */,
				3B61C170284E06240000AB94 /* collectionviewUITests */,
			);
		};
/* End PBXProject section */

/* Begin PBXResourcesBuildPhase section */
		3B61C14F284E06210000AB94 /* Resources */ = {
			isa = PBXResourcesBuildPhase;
			buildActionMask = 2147483647;
			files = (
				3B61C161284E06240000AB94 /* LaunchScreen.storyboard in Resources */,
				3B61C15E284E06240000AB94 /* Assets.xcassets in Resources */,
				3B61C15C284E06210000AB94 /* Main.storyboard in Resources */,
			);
			runOnlyForDeploymentPostprocessing = 0;
		};
		3B61C165284E06240000AB94 /* Resources */ = {
			isa = PBXResourcesBuildPhase;
			buildActionMask = 2147483647;
			files = (
			);
			runOnlyForDeploymentPostprocessing = 0;
		};
		3B61C16F284E06240000AB94 /* Resources */ = {
			isa = PBXResourcesBuildPhase;
			buildActionMask = 2147483647;
			files = (
			);
			runOnlyForDeploymentPostprocessing = 0;
		};
/* End PBXResourcesBuildPhase section */

/* Begin PBXSourcesBuildPhase section */
		3B61C14D284E06210000AB94 /* Sources */ = {
			isa = PBXSourcesBuildPhase;
			buildActionMask = 2147483647;
			files = (
				3B61C159284E06210000AB94 /* ViewController.swift in Sources */,
				3B61C155284E06210000AB94 /* AppDelegate.swift in Sources */,
				3B61C185284E06B60000AB94 /* CollectionViewCell.swift in Sources */,
				3B61C157284E06210000AB94 /* SceneDelegate.swift in Sources */,
			);
			runOnlyForDeploymentPostprocessing = 0;
		};
		3B61C163284E06240000AB94 /* Sources */ = {
			isa = PBXSourcesBuildPhase;
			buildActionMask = 2147483647;
			files = (
				3B61C16C284E06240000AB94 /* collectionviewTests.swift in Sources */,
			);
			runOnlyForDeploymentPostprocessing = 0;
		};
		3B61C16D284E06240000AB94 /* Sources */ = {
			isa = PBXSourcesBuildPhase;
			buildActionMask = 2147483647;
			files = (
				3B61C176284E06240000AB94 /* collectionviewUITests.swift in Sources */,
				3B61C178284E06240000AB94 /* collectionviewUITestsLaunchTests.swift in Sources */,
			);
			runOnlyForDeploymentPostprocessing = 0;
		};
/* End PBXSourcesBuildPhase section */

/* Begin PBXTargetDependency section */
		3B61C169284E06240000AB94 /* PBXTargetDependency */ = {
			isa = PBXTargetDependency;
			target = 3B61C150284E06210000AB94 /* collectionview */;
			targetProxy = 3B61C168284E06240000AB94 /* PBXContainerItemProxy */;
		};
		3B61C173284E06240000AB94 /* PBXTargetDependency */ = {
			isa = PBXTargetDependency;
			target = 3B61C150284E06210000AB94 /* collectionview */;
			targetProxy = 3B61C172284E06240000AB94 /* PBXContainerItemProxy */;
		};
/* End PBXTargetDependency section */

/* Begin PBXVariantGroup section */
		3B61C15A284E06210000AB94 /* Main.storyboard */ = {
			isa = PBXVariantGroup;
			children = (
				3B61C15B284E06210000AB94 /* Base */,
			);
			name = Main.storyboard;
			sourceTree = "<group>";
		};
		3B61C15F284E06240000AB94 /* LaunchScreen.storyboard */ = {
			isa = PBXVariantGroup;
			children = (
				3B61C160284E06240000AB94 /* Base */,
			);
			name = LaunchScreen.storyboard;
			sourceTree = "<group>";
		};
/* End PBXVariantGroup section */

/* Begin XCBuildConfiguration section */
		3B61C179284E06240000AB94 /* Debug */ = {
			isa = XCBuildConfiguration;
			buildSettings = {
				ALWAYS_SEARCH_USER_PATHS = NO;
				CLANG_ANALYZER_NONNULL = YES;
				CLANG_ANALYZER_NUMBER_OBJECT_CONVERSION = YES_AGGRESSIVE;
				CLANG_CXX_LANGUAGE_STANDARD = "gnu++17";
				CLANG_ENABLE_MODULES = YES;
				CLANG_ENABLE_OBJC_ARC = YES;
				CLANG_ENABLE_OBJC_WEAK = YES;
				CLANG_WARN_BLOCK_CAPTURE_AUTORELEASING = YES;
				CLANG_WARN_BOOL_CONVERSION = YES;
				CLANG_WARN_COMMA = YES;
				CLANG_WARN_CONSTANT_CONVERSION = YES;
				CLANG_WARN_DEPRECATED_OBJC_IMPLEMENTATIONS = YES;
				CLANG_WARN_DIRECT_OBJC_ISA_USAGE = YES_ERROR;
				CLANG_WARN_DOCUMENTATION_COMMENTS = YES;
				CLANG_WARN_EMPTY_BODY = YES;
				CLANG_WARN_ENUM_CONVERSION = YES;
				CLANG_WARN_INFINITE_RECURSION = YES;
				CLANG_WARN_INT_CONVERSION = YES;
				CLANG_WARN_NON_LITERAL_NULL_CONVERSION = YES;
				CLANG_WARN_OBJC_IMPLICIT_RETAIN_SELF = YES;
				CLANG_WARN_OBJC_LITERAL_CONVERSION = YES;
				CLANG_WARN_OBJC_ROOT_CLASS = YES_ERROR;
				CLANG_WARN_QUOTED_INCLUDE_IN_FRAMEWORK_HEADER = YES;
				CLANG_WARN_RANGE_LOOP_ANALYSIS = YES;
				CLANG_WARN_STRICT_PROTOTYPES = YES;
				CLANG_WARN_SUSPICIOUS_MOVE = YES;
				CLANG_WARN_UNGUARDED_AVAILABILITY = YES_AGGRESSIVE;
				CLANG_WARN_UNREACHABLE_CODE = YES;
				CLANG_WARN__DUPLICATE_METHOD_MATCH = YES;
				COPY_PHASE_STRIP = NO;
				DEBUG_INFORMATION_FORMAT = dwarf;
				ENABLE_STRICT_OBJC_MSGSEND = YES;
				ENABLE_TESTABILITY = YES;
				GCC_C_LANGUAGE_STANDARD = gnu11;
				GCC_DYNAMIC_NO_PIC = NO;
				GCC_NO_COMMON_BLOCKS = YES;
				GCC_OPTIMIZATION_LEVEL = 0;
				GCC_PREPROCESSOR_DEFINITIONS = (
					"DEBUG=1",
					"$(inherited)",
				);
				GCC_WARN_64_TO_32_BIT_CONVERSION = YES;
				GCC_WARN_ABOUT_RETURN_TYPE = YES_ERROR;
				GCC_WARN_UNDECLARED_SELECTOR = YES;
				GCC_WARN_UNINITIALIZED_AUTOS = YES_AGGRESSIVE;
				GCC_WARN_UNUSED_FUNCTION = YES;
				GCC_WARN_UNUSED_VARIABLE = YES;
				IPHONEOS_DEPLOYMENT_TARGET = 15.5;
				MTL_ENABLE_DEBUG_INFO = INCLUDE_SOURCE;
				MTL_FAST_MATH = YES;
				ONLY_ACTIVE_ARCH = YES;
				SDKROOT = iphoneos;
				SWIFT_ACTIVE_COMPILATION_CONDITIONS = DEBUG;
				SWIFT_OPTIMIZATION_LEVEL = "-Onone";
			};
			name = Debug;
		};
		3B61C17A284E06240000AB94 /* Release */ = {
			isa = XCBuildConfiguration;
			buildSettings = {
				ALWAYS_SEARCH_USER_PATHS = NO;
				CLANG_ANALYZER_NONNULL = YES;
				CLANG_ANALYZER_NUMBER_OBJECT_CONVERSION = YES_AGGRESSIVE;
				CLANG_CXX_LANGUAGE_STANDARD = "gnu++17";
				CLANG_ENABLE_MODULES = YES;
				CLANG_ENABLE_OBJC_ARC = YES;
				CLANG_ENABLE_OBJC_WEAK = YES;
				CLANG_WARN_BLOCK_CAPTURE_AUTORELEASING = YES;
				CLANG_WARN_BOOL_CONVERSION = YES;
				CLANG_WARN_COMMA = YES;
				CLANG_WARN_CONSTANT_CONVERSION = YES;
				CLANG_WARN_DEPRECATED_OBJC_IMPLEMENTATIONS = YES;
				CLANG_WARN_DIRECT_OBJC_ISA_USAGE = YES_ERROR;
				CLANG_WARN_DOCUMENTATION_COMMENTS = YES;
				CLANG_WARN_EMPTY_BODY = YES;
				CLANG_WARN_ENUM_CONVERSION = YES;
				CLANG_WARN_INFINITE_RECURSION = YES;
				CLANG_WARN_INT_CONVERSION = YES;
				CLANG_WARN_NON_LITERAL_NULL_CONVERSION = YES;
				CLANG_WARN_OBJC_IMPLICIT_RETAIN_SELF = YES;
				CLANG_WARN_OBJC_LITERAL_CONVERSION = YES;
				CLANG_WARN_OBJC_ROOT_CLASS = YES_ERROR;
				CLANG_WARN_QUOTED_INCLUDE_IN_FRAMEWORK_HEADER = YES;
				CLANG_WARN_RANGE_LOOP_ANALYSIS = YES;
				CLANG_WARN_STRICT_PROTOTYPES = YES;
				CLANG_WARN_SUSPICIOUS_MOVE = YES;
				CLANG_WARN_UNGUARDED_AVAILABILITY = YES_AGGRESSIVE;
				CLANG_WARN_UNREACHABLE_CODE = YES;
				CLANG_WARN__DUPLICATE_METHOD_MATCH = YES;
				COPY_PHASE_STRIP = NO;
				DEBUG_INFORMATION_FORMAT = "dwarf-with-dsym";
				ENABLE_NS_ASSERTIONS = NO;
				ENABLE_STRICT_OBJC_MSGSEND = YES;
				GCC_C_LANGUAGE_STANDARD = gnu11;
				GCC_NO_COMMON_BLOCKS = YES;
				GCC_WARN_64_TO_32_BIT_CONVERSION = YES;
				GCC_WARN_ABOUT_RETURN_TYPE = YES_ERROR;
				GCC_WARN_UNDECLARED_SELECTOR = YES;
				GCC_WARN_UNINITIALIZED_AUTOS = YES_AGGRESSIVE;
				GCC_WARN_UNUSED_FUNCTION = YES;
				GCC_WARN_UNUSED_VARIABLE = YES;
				IPHONEOS_DEPLOYMENT_TARGET = 15.5;
				MTL_ENABLE_DEBUG_INFO = NO;
				MTL_FAST_MATH = YES;
				SDKROOT = iphoneos;
				SWIFT_COMPILATION_MODE = wholemodule;
				SWIFT_OPTIMIZATION_LEVEL = "-O";
				VALIDATE_PRODUCT = YES;
			};
			name = Release;
		};
		3B61C17C284E06240000AB94 /* Debug */ = {
			isa = XCBuildConfiguration;
			buildSettings = {
				ASSETCATALOG_COMPILER_APPICON_NAME = AppIcon;
				ASSETCATALOG_COMPILER_GLOBAL_ACCENT_COLOR_NAME = AccentColor;
				CODE_SIGN_STYLE = Automatic;
				CURRENT_PROJECT_VERSION = 1;
				DEVELOPMENT_TEAM = 3BLPM87ZFN;
				GENERATE_INFOPLIST_FILE = YES;
				INFOPLIST_FILE = collectionview/Info.plist;
				INFOPLIST_KEY_UIApplicationSupportsIndirectInputEvents = YES;
				INFOPLIST_KEY_UILaunchStoryboardName = LaunchScreen;
				INFOPLIST_KEY_UIMainStoryboardFile = Main;
				INFOPLIST_KEY_UISupportedInterfaceOrientations_iPad = "UIInterfaceOrientationPortrait UIInterfaceOrientationPortraitUpsideDown UIInterfaceOrientationLandscapeLeft UIInterfaceOrientationLandscapeRight";
				INFOPLIST_KEY_UISupportedInterfaceOrientations_iPhone = "UIInterfaceOrientationPortrait UIInterfaceOrientationLandscapeLeft UIInterfaceOrientationLandscapeRight";
				LD_RUNPATH_SEARCH_PATHS = (
					"$(inherited)",
					"@executable_path/Frameworks",
				);
				MARKETING_VERSION = 1.0;
				PRODUCT_BUNDLE_IDENTIFIER = Practice.collectionview;
				PRODUCT_NAME = "$(TARGET_NAME)";
				SWIFT_EMIT_LOC_STRINGS = YES;
				SWIFT_VERSION = 5.0;
				TARGETED_DEVICE_FAMILY = "1,2";
			};
			name = Debug;
		};
		3B61C17D284E06240000AB94 /* Release */ = {
			isa = XCBuildConfiguration;
			buildSettings = {
				ASSETCATALOG_COMPILER_APPICON_NAME = AppIcon;
				ASSETCATALOG_COMPILER_GLOBAL_ACCENT_COLOR_NAME = AccentColor;
				CODE_SIGN_STYLE = Automatic;
				CURRENT_PROJECT_VERSION = 1;
				DEVELOPMENT_TEAM = 3BLPM87ZFN;
				GENERATE_INFOPLIST_FILE = YES;
				INFOPLIST_FILE = collectionview/Info.plist;
				INFOPLIST_KEY_UIApplicationSupportsIndirectInputEvents = YES;
				INFOPLIST_KEY_UILaunchStoryboardName = LaunchScreen;
				INFOPLIST_KEY_UIMainStoryboardFile = Main;
				INFOPLIST_KEY_UISupportedInterfaceOrientations_iPad = "UIInterfaceOrientationPortrait UIInterfaceOrientationPortraitUpsideDown UIInterfaceOrientationLandscapeLeft UIInterfaceOrientationLandscapeRight";
				INFOPLIST_KEY_UISupportedInterfaceOrientations_iPhone = "UIInterfaceOrientationPortrait UIInterfaceOrientationLandscapeLeft UIInterfaceOrientationLandscapeRight";
				LD_RUNPATH_SEARCH_PATHS = (
					"$(inherited)",
					"@executable_path/Frameworks",
				);
				MARKETING_VERSION = 1.0;
				PRODUCT_BUNDLE_IDENTIFIER = Practice.collectionview;
				PRODUCT_NAME = "$(TARGET_NAME)";
				SWIFT_EMIT_LOC_STRINGS = YES;
				SWIFT_VERSION = 5.0;
				TARGETED_DEVICE_FAMILY = "1,2";
			};
			name = Release;
		};
		3B61C17F284E06240000AB94 /* Debug */ = {
			isa = XCBuildConfiguration;
			buildSettings = {
				ALWAYS_EMBED_SWIFT_STANDARD_LIBRARIES = YES;
				BUNDLE_LOADER = "$(TEST_HOST)";
				CODE_SIGN_STYLE = Automatic;
				CURRENT_PROJECT_VERSION = 1;
				DEVELOPMENT_TEAM = 3BLPM87ZFN;
				GENERATE_INFOPLIST_FILE = YES;
				IPHONEOS_DEPLOYMENT_TARGET = 15.5;
				MARKETING_VERSION = 1.0;
				PRODUCT_BUNDLE_IDENTIFIER = Practice.collectionviewTests;
				PRODUCT_NAME = "$(TARGET_NAME)";
				SWIFT_EMIT_LOC_STRINGS = NO;
				SWIFT_VERSION = 5.0;
				TARGETED_DEVICE_FAMILY = "1,2";
				TEST_HOST = "$(BUILT_PRODUCTS_DIR)/collectionview.app/collectionview";
			};
			name = Debug;
		};
		3B61C180284E06240000AB94 /* Release */ = {
			isa = XCBuildConfiguration;
			buildSettings = {
				ALWAYS_EMBED_SWIFT_STANDARD_LIBRARIES = YES;
				BUNDLE_LOADER = "$(TEST_HOST)";
				CODE_SIGN_STYLE = Automatic;
				CURRENT_PROJECT_VERSION = 1;
				DEVELOPMENT_TEAM = 3BLPM87ZFN;
				GENERATE_INFOPLIST_FILE = YES;
				IPHONEOS_DEPLOYMENT_TARGET = 15.5;
				MARKETING_VERSION = 1.0;
				PRODUCT_BUNDLE_IDENTIFIER = Practice.collectionviewTests;
				PRODUCT_NAME = "$(TARGET_NAME)";
				SWIFT_EMIT_LOC_STRINGS = NO;
				SWIFT_VERSION = 5.0;
				TARGETED_DEVICE_FAMILY = "1,2";
				TEST_HOST = "$(BUILT_PRODUCTS_DIR)/collectionview.app/collectionview";
			};
			name = Release;
		};
		3B61C182284E06240000AB94 /* Debug */ = {
			isa = XCBuildConfiguration;
			buildSettings = {
				ALWAYS_EMBED_SWIFT_STANDARD_LIBRARIES = YES;
				CODE_SIGN_STYLE = Automatic;
				CURRENT_PROJECT_VERSION = 1;
				DEVELOPMENT_TEAM = 3BLPM87ZFN;
				GENERATE_INFOPLIST_FILE = YES;
				MARKETING_VERSION = 1.0;
				PRODUCT_BUNDLE_IDENTIFIER = Practice.collectionviewUITests;
				PRODUCT_NAME = "$(TARGET_NAME)";
				SWIFT_EMIT_LOC_STRINGS = NO;
				SWIFT_VERSION = 5.0;
				TARGETED_DEVICE_FAMILY = "1,2";
				TEST_TARGET_NAME = collectionview;
			};
			name = Debug;
		};
		3B61C183284E06240000AB94 /* Release */ = {
			isa = XCBuildConfiguration;
			buildSettings = {
				ALWAYS_EMBED_SWIFT_STANDARD_LIBRARIES = YES;
				CODE_SIGN_STYLE = Automatic;
				CURRENT_PROJECT_VERSION = 1;
				DEVELOPMENT_TEAM = 3BLPM87ZFN;
				GENERATE_INFOPLIST_FILE = YES;
				MARKETING_VERSION = 1.0;
				PRODUCT_BUNDLE_IDENTIFIER = Practice.collectionviewUITests;
				PRODUCT_NAME = "$(TARGET_NAME)";
				SWIFT_EMIT_LOC_STRINGS = NO;
				SWIFT_VERSION = 5.0;
				TARGETED_DEVICE_FAMILY = "1,2";
				TEST_TARGET_NAME = collectionview;
			};
			name = Release;
		};
/* End XCBuildConfiguration section */

/* Begin XCConfigurationList section */
		3B61C14C284E06210000AB94 /* Build configuration list for PBXProject "collectionview" */ = {
			isa = XCConfigurationList;
			buildConfigurations = (
				3B61C179284E06240000AB94 /* Debug */,
				3B61C17A284E06240000AB94 /* Release */,
			);
			defaultConfigurationIsVisible = 0;
			defaultConfigurationName = Release;
		};
		3B61C17B284E06240000AB94 /* Build configuration list for PBXNativeTarget "collectionview" */ = {
			isa = XCConfigurationList;
			buildConfigurations = (
				3B61C17C284E06240000AB94 /* Debug */,
				3B61C17D284E06240000AB94 /* Release */,
			);
			defaultConfigurationIsVisible = 0;
			defaultConfigurationName = Release;
		};
		3B61C17E284E06240000AB94 /* Build configuration list for PBXNativeTarget "collectionviewTests" */ = {
			isa = XCConfigurationList;
			buildConfigurations = (
				3B61C17F284E06240000AB94 /* Debug */,
				3B61C180284E06240000AB94 /* Release */,
			);
			defaultConfigurationIsVisible = 0;
			defaultConfigurationName = Release;
		};
		3B61C181284E06240000AB94 /* Build configuration list for PBXNativeTarget "collectionviewUITests" */ = {
			isa = XCConfigurationList;
			buildConfigurations = (
				3B61C182284E06240000AB94 /* Debug */,
				3B61C183284E06240000AB94 /* Release */,
			);
			defaultConfigurationIsVisible = 0;
			defaultConfigurationName = Release;
		};
/* End XCConfigurationList section */
	};
	rootObject = 3B61C149284E06210000AB94 /* Project object */;
}
