// !$*UTF8*$!
{
	archiveVersion = 1;
	classes = {
	};
	objectVersion = 55;
	objects = {

/* Begin PBXBuildFile section */
		3B755B332850735E0070A60D /* AppDelegate.swift in Sources */ = {isa = PBXBuildFile; fileRef = 3B755B322850735E0070A60D /* AppDelegate.swift */; };
		3B755B352850735E0070A60D /* SceneDelegate.swift in Sources */ = {isa = PBXBuildFile; fileRef = 3B755B342850735E0070A60D /* SceneDelegate.swift */; };
		3B755B372850735E0070A60D /* ViewController.swift in Sources */ = {isa = PBXBuildFile; fileRef = 3B755B362850735E0070A60D /* ViewController.swift */; };
		3B755B3A2850735E0070A60D /* Main.storyboard in Resources */ = {isa = PBXBuildFile; fileRef = 3B755B382850735E0070A60D /* Main.storyboard */; };
		3B755B3C285073600070A60D /* Assets.xcassets in Resources */ = {isa = PBXBuildFile; fileRef = 3B755B3B285073600070A60D /* Assets.xcassets */; };
		3B755B3F285073600070A60D /* LaunchScreen.storyboard in Resources */ = {isa = PBXBuildFile; fileRef = 3B755B3D285073600070A60D /* LaunchScreen.storyboard */; };
		3B755B4A285073600070A60D /* Expt7Tests.swift in Sources */ = {isa = PBXBuildFile; fileRef = 3B755B49285073600070A60D /* Expt7Tests.swift */; };
		3B755B54285073600070A60D /* Expt7UITests.swift in Sources */ = {isa = PBXBuildFile; fileRef = 3B755B53285073600070A60D /* Expt7UITests.swift */; };
		3B755B56285073600070A60D /* Expt7UITestsLaunchTests.swift in Sources */ = {isa = PBXBuildFile; fileRef = 3B755B55285073600070A60D /* Expt7UITestsLaunchTests.swift */; };
		3B755B63285073BE0070A60D /* Expt7TableViewCell.swift in Sources */ = {isa = PBXBuildFile; fileRef = 3B755B62285073BE0070A60D /* Expt7TableViewCell.swift */; };
		3B755B65285074730070A60D /* Expt7CollectionViewCell.swift in Sources */ = {isa = PBXBuildFile; fileRef = 3B755B64285074730070A60D /* Expt7CollectionViewCell.swift */; };
/* End PBXBuildFile section */

/* Begin PBXContainerItemProxy section */
		3B755B46285073600070A60D /* PBXContainerItemProxy */ = {
			isa = PBXContainerItemProxy;
			containerPortal = 3B755B272850735E0070A60D /* Project object */;
			proxyType = 1;
			remoteGlobalIDString = 3B755B2E2850735E0070A60D;
			remoteInfo = Expt7;
		};
		3B755B50285073600070A60D /* PBXContainerItemProxy */ = {
			isa = PBXContainerItemProxy;
			containerPortal = 3B755B272850735E0070A60D /* Project object */;
			proxyType = 1;
			remoteGlobalIDString = 3B755B2E2850735E0070A60D;
			remoteInfo = Expt7;
		};
/* End PBXContainerItemProxy section */

/* Begin PBXFileReference section */
		3B755B2F2850735E0070A60D /* Expt7.app */ = {isa = PBXFileReference; explicitFileType = wrapper.application; includeInIndex = 0; path = Expt7.app; sourceTree = BUILT_PRODUCTS_DIR; };
		3B755B322850735E0070A60D /* AppDelegate.swift */ = {isa = PBXFileReference; lastKnownFileType = sourcecode.swift; path = AppDelegate.swift; sourceTree = "<group>"; };
		3B755B342850735E0070A60D /* SceneDelegate.swift */ = {isa = PBXFileReference; lastKnownFileType = sourcecode.swift; path = SceneDelegate.swift; sourceTree = "<group>"; };
		3B755B362850735E0070A60D /* ViewController.swift */ = {isa = PBXFileReference; lastKnownFileType = sourcecode.swift; path = ViewController.swift; sourceTree = "<group>"; };
		3B755B392850735E0070A60D /* Base */ = {isa = PBXFileReference; lastKnownFileType = file.storyboard; name = Base; path = Base.lproj/Main.storyboard; sourceTree = "<group>"; };
		3B755B3B285073600070A60D /* Assets.xcassets */ = {isa = PBXFileReference; lastKnownFileType = folder.assetcatalog; path = Assets.xcassets; sourceTree = "<group>"; };
		3B755B3E285073600070A60D /* Base */ = {isa = PBXFileReference; lastKnownFileType = file.storyboard; name = Base; path = Base.lproj/LaunchScreen.storyboard; sourceTree = "<group>"; };
		3B755B40285073600070A60D /* Info.plist */ = {isa = PBXFileReference; lastKnownFileType = text.plist.xml; path = Info.plist; sourceTree = "<group>"; };
		3B755B45285073600070A60D /* Expt7Tests.xctest */ = {isa = PBXFileReference; explicitFileType = wrapper.cfbundle; includeInIndex = 0; path = Expt7Tests.xctest; sourceTree = BUILT_PRODUCTS_DIR; };
		3B755B49285073600070A60D /* Expt7Tests.swift */ = {isa = PBXFileReference; lastKnownFileType = sourcecode.swift; path = Expt7Tests.swift; sourceTree = "<group>"; };
		3B755B4F285073600070A60D /* Expt7UITests.xctest */ = {isa = PBXFileReference; explicitFileType = wrapper.cfbundle; includeInIndex = 0; path = Expt7UITests.xctest; sourceTree = BUILT_PRODUCTS_DIR; };
		3B755B53285073600070A60D /* Expt7UITests.swift */ = {isa = PBXFileReference; lastKnownFileType = sourcecode.swift; path = Expt7UITests.swift; sourceTree = "<group>"; };
		3B755B55285073600070A60D /* Expt7UITestsLaunchTests.swift */ = {isa = PBXFileReference; lastKnownFileType = sourcecode.swift; path = Expt7UITestsLaunchTests.swift; sourceTree = "<group>"; };
		3B755B62285073BE0070A60D /* Expt7TableViewCell.swift */ = {isa = PBXFileReference; lastKnownFileType = sourcecode.swift; path = Expt7TableViewCell.swift; sourceTree = "<group>"; };
		3B755B64285074730070A60D /* Expt7CollectionViewCell.swift */ = {isa = PBXFileReference; lastKnownFileType = sourcecode.swift; path = Expt7CollectionViewCell.swift; sourceTree = "<group>"; };
/* End PBXFileReference section */

/* Begin PBXFrameworksBuildPhase section */
		3B755B2C2850735E0070A60D /* Frameworks */ = {
			isa = PBXFrameworksBuildPhase;
			buildActionMask = 2147483647;
			files = (
			);
			runOnlyForDeploymentPostprocessing = 0;
		};
		3B755B42285073600070A60D /* Frameworks */ = {
			isa = PBXFrameworksBuildPhase;
			buildActionMask = 2147483647;
			files = (
			);
			runOnlyForDeploymentPostprocessing = 0;
		};
		3B755B4C285073600070A60D /* Frameworks */ = {
			isa = PBXFrameworksBuildPhase;
			buildActionMask = 2147483647;
			files = (
			);
			runOnlyForDeploymentPostprocessing = 0;
		};
/* End PBXFrameworksBuildPhase section */

/* Begin PBXGroup section */
		3B755B262850735E0070A60D = {
			isa = PBXGroup;
			children = (
				3B755B312850735E0070A60D /* Expt7 */,
				3B755B48285073600070A60D /* Expt7Tests */,
				3B755B52285073600070A60D /* Expt7UITests */,
				3B755B302850735E0070A60D /* Products */,
			);
			sourceTree = "<group>";
		};
		3B755B302850735E0070A60D /* Products */ = {
			isa = PBXGroup;
			children = (
				3B755B2F2850735E0070A60D /* Expt7.app */,
				3B755B45285073600070A60D /* Expt7Tests.xctest */,
				3B755B4F285073600070A60D /* Expt7UITests.xctest */,
			);
			name = Products;
			sourceTree = "<group>";
		};
		3B755B312850735E0070A60D /* Expt7 */ = {
			isa = PBXGroup;
			children = (
				3B755B322850735E0070A60D /* AppDelegate.swift */,
				3B755B342850735E0070A60D /* SceneDelegate.swift */,
				3B755B362850735E0070A60D /* ViewController.swift */,
				3B755B382850735E0070A60D /* Main.storyboard */,
				3B755B64285074730070A60D /* Expt7CollectionViewCell.swift */,
				3B755B62285073BE0070A60D /* Expt7TableViewCell.swift */,
				3B755B3B285073600070A60D /* Assets.xcassets */,
				3B755B3D285073600070A60D /* LaunchScreen.storyboard */,
				3B755B40285073600070A60D /* Info.plist */,
			);
			path = Expt7;
			sourceTree = "<group>";
		};
		3B755B48285073600070A60D /* Expt7Tests */ = {
			isa = PBXGroup;
			children = (
				3B755B49285073600070A60D /* Expt7Tests.swift */,
			);
			path = Expt7Tests;
			sourceTree = "<group>";
		};
		3B755B52285073600070A60D /* Expt7UITests */ = {
			isa = PBXGroup;
			children = (
				3B755B53285073600070A60D /* Expt7UITests.swift */,
				3B755B55285073600070A60D /* Expt7UITestsLaunchTests.swift */,
			);
			path = Expt7UITests;
			sourceTree = "<group>";
		};
/* End PBXGroup section */

/* Begin PBXNativeTarget section */
		3B755B2E2850735E0070A60D /* Expt7 */ = {
			isa = PBXNativeTarget;
			buildConfigurationList = 3B755B59285073600070A60D /* Build configuration list for PBXNativeTarget "Expt7" */;
			buildPhases = (
				3B755B2B2850735E0070A60D /* Sources */,
				3B755B2C2850735E0070A60D /* Frameworks */,
				3B755B2D2850735E0070A60D /* Resources */,
			);
			buildRules = (
			);
			dependencies = (
			);
			name = Expt7;
			productName = Expt7;
			productReference = 3B755B2F2850735E0070A60D /* Expt7.app */;
			productType = "com.apple.product-type.application";
		};
		3B755B44285073600070A60D /* Expt7Tests */ = {
			isa = PBXNativeTarget;
			buildConfigurationList = 3B755B5C285073600070A60D /* Build configuration list for PBXNativeTarget "Expt7Tests" */;
			buildPhases = (
				3B755B41285073600070A60D /* Sources */,
				3B755B42285073600070A60D /* Frameworks */,
				3B755B43285073600070A60D /* Resources */,
			);
			buildRules = (
			);
			dependencies = (
				3B755B47285073600070A60D /* PBXTargetDependency */,
			);
			name = Expt7Tests;
			productName = Expt7Tests;
			productReference = 3B755B45285073600070A60D /* Expt7Tests.xctest */;
			productType = "com.apple.product-type.bundle.unit-test";
		};
		3B755B4E285073600070A60D /* Expt7UITests */ = {
			isa = PBXNativeTarget;
			buildConfigurationList = 3B755B5F285073600070A60D /* Build configuration list for PBXNativeTarget "Expt7UITests" */;
			buildPhases = (
				3B755B4B285073600070A60D /* Sources */,
				3B755B4C285073600070A60D /* Frameworks */,
				3B755B4D285073600070A60D /* Resources */,
			);
			buildRules = (
			);
			dependencies = (
				3B755B51285073600070A60D /* PBXTargetDependency */,
			);
			name = Expt7UITests;
			productName = Expt7UITests;
			productReference = 3B755B4F285073600070A60D /* Expt7UITests.xctest */;
			productType = "com.apple.product-type.bundle.ui-testing";
		};
/* End PBXNativeTarget section */

/* Begin PBXProject section */
		3B755B272850735E0070A60D /* Project object */ = {
			isa = PBXProject;
			attributes = {
				BuildIndependentTargetsInParallel = 1;
				LastSwiftUpdateCheck = 1340;
				LastUpgradeCheck = 1340;
				TargetAttributes = {
					3B755B2E2850735E0070A60D = {
						CreatedOnToolsVersion = 13.4;
					};
					3B755B44285073600070A60D = {
						CreatedOnToolsVersion = 13.4;
						TestTargetID = 3B755B2E2850735E0070A60D;
					};
					3B755B4E285073600070A60D = {
						CreatedOnToolsVersion = 13.4;
						TestTargetID = 3B755B2E2850735E0070A60D;
					};
				};
			};
			buildConfigurationList = 3B755B2A2850735E0070A60D /* Build configuration list for PBXProject "Expt7" */;
			compatibilityVersion = "Xcode 13.0";
			developmentRegion = en;
			hasScannedForEncodings = 0;
			knownRegions = (
				en,
				Base,
			);
			mainGroup = 3B755B262850735E0070A60D;
			productRefGroup = 3B755B302850735E0070A60D /* Products */;
			projectDirPath = "";
			projectRoot = "";
			targets = (
				3B755B2E2850735E0070A60D /* Expt7 */,
				3B755B44285073600070A60D /* Expt7Tests */,
				3B755B4E285073600070A60D /* Expt7UITests */,
			);
		};
/* End PBXProject section */

/* Begin PBXResourcesBuildPhase section */
		3B755B2D2850735E0070A60D /* Resources */ = {
			isa = PBXResourcesBuildPhase;
			buildActionMask = 2147483647;
			files = (
				3B755B3F285073600070A60D /* LaunchScreen.storyboard in Resources */,
				3B755B3C285073600070A60D /* Assets.xcassets in Resources */,
				3B755B3A2850735E0070A60D /* Main.storyboard in Resources */,
			);
			runOnlyForDeploymentPostprocessing = 0;
		};
		3B755B43285073600070A60D /* Resources */ = {
			isa = PBXResourcesBuildPhase;
			buildActionMask = 2147483647;
			files = (
			);
			runOnlyForDeploymentPostprocessing = 0;
		};
		3B755B4D285073600070A60D /* Resources */ = {
			isa = PBXResourcesBuildPhase;
			buildActionMask = 2147483647;
			files = (
			);
			runOnlyForDeploymentPostprocessing = 0;
		};
/* End PBXResourcesBuildPhase section */

/* Begin PBXSourcesBuildPhase section */
		3B755B2B2850735E0070A60D /* Sources */ = {
			isa = PBXSourcesBuildPhase;
			buildActionMask = 2147483647;
			files = (
				3B755B372850735E0070A60D /* ViewController.swift in Sources */,
				3B755B332850735E0070A60D /* AppDelegate.swift in Sources */,
				3B755B63285073BE0070A60D /* Expt7TableViewCell.swift in Sources */,
				3B755B65285074730070A60D /* Expt7CollectionViewCell.swift in Sources */,
				3B755B352850735E0070A60D /* SceneDelegate.swift in Sources */,
			);
			runOnlyForDeploymentPostprocessing = 0;
		};
		3B755B41285073600070A60D /* Sources */ = {
			isa = PBXSourcesBuildPhase;
			buildActionMask = 2147483647;
			files = (
				3B755B4A285073600070A60D /* Expt7Tests.swift in Sources */,
			);
			runOnlyForDeploymentPostprocessing = 0;
		};
		3B755B4B285073600070A60D /* Sources */ = {
			isa = PBXSourcesBuildPhase;
			buildActionMask = 2147483647;
			files = (
				3B755B54285073600070A60D /* Expt7UITests.swift in Sources */,
				3B755B56285073600070A60D /* Expt7UITestsLaunchTests.swift in Sources */,
			);
			runOnlyForDeploymentPostprocessing = 0;
		};
/* End PBXSourcesBuildPhase section */

/* Begin PBXTargetDependency section */
		3B755B47285073600070A60D /* PBXTargetDependency */ = {
			isa = PBXTargetDependency;
			target = 3B755B2E2850735E0070A60D /* Expt7 */;
			targetProxy = 3B755B46285073600070A60D /* PBXContainerItemProxy */;
		};
		3B755B51285073600070A60D /* PBXTargetDependency */ = {
			isa = PBXTargetDependency;
			target = 3B755B2E2850735E0070A60D /* Expt7 */;
			targetProxy = 3B755B50285073600070A60D /* PBXContainerItemProxy */;
		};
/* End PBXTargetDependency section */

/* Begin PBXVariantGroup section */
		3B755B382850735E0070A60D /* Main.storyboard */ = {
			isa = PBXVariantGroup;
			children = (
				3B755B392850735E0070A60D /* Base */,
			);
			name = Main.storyboard;
			sourceTree = "<group>";
		};
		3B755B3D285073600070A60D /* LaunchScreen.storyboard */ = {
			isa = PBXVariantGroup;
			children = (
				3B755B3E285073600070A60D /* Base */,
			);
			name = LaunchScreen.storyboard;
			sourceTree = "<group>";
		};
/* End PBXVariantGroup section */

/* Begin XCBuildConfiguration section */
		3B755B57285073600070A60D /* Debug */ = {
			isa = XCBuildConfiguration;
			buildSettings = {
				ALWAYS_SEARCH_USER_PATHS = NO;
				CLANG_ANALYZER_NONNULL = YES;
				CLANG_ANALYZER_NUMBER_OBJECT_CONVERSION = YES_AGGRESSIVE;
				CLANG_CXX_LANGUAGE_STANDARD = "gnu++17";
				CLANG_ENABLE_MODULES = YES;
				CLANG_ENABLE_OBJC_ARC = YES;
				CLANG_ENABLE_OBJC_WEAK = YES;
				CLANG_WARN_BLOCK_CAPTURE_AUTORELEASING = YES;
				CLANG_WARN_BOOL_CONVERSION = YES;
				CLANG_WARN_COMMA = YES;
				CLANG_WARN_CONSTANT_CONVERSION = YES;
				CLANG_WARN_DEPRECATED_OBJC_IMPLEMENTATIONS = YES;
				CLANG_WARN_DIRECT_OBJC_ISA_USAGE = YES_ERROR;
				CLANG_WARN_DOCUMENTATION_COMMENTS = YES;
				CLANG_WARN_EMPTY_BODY = YES;
				CLANG_WARN_ENUM_CONVERSION = YES;
				CLANG_WARN_INFINITE_RECURSION = YES;
				CLANG_WARN_INT_CONVERSION = YES;
				CLANG_WARN_NON_LITERAL_NULL_CONVERSION = YES;
				CLANG_WARN_OBJC_IMPLICIT_RETAIN_SELF = YES;
				CLANG_WARN_OBJC_LITERAL_CONVERSION = YES;
				CLANG_WARN_OBJC_ROOT_CLASS = YES_ERROR;
				CLANG_WARN_QUOTED_INCLUDE_IN_FRAMEWORK_HEADER = YES;
				CLANG_WARN_RANGE_LOOP_ANALYSIS = YES;
				CLANG_WARN_STRICT_PROTOTYPES = YES;
				CLANG_WARN_SUSPICIOUS_MOVE = YES;
				CLANG_WARN_UNGUARDED_AVAILABILITY = YES_AGGRESSIVE;
				CLANG_WARN_UNREACHABLE_CODE = YES;
				CLANG_WARN__DUPLICATE_METHOD_MATCH = YES;
				COPY_PHASE_STRIP = NO;
				DEBUG_INFORMATION_FORMAT = dwarf;
				ENABLE_STRICT_OBJC_MSGSEND = YES;
				ENABLE_TESTABILITY = YES;
				GCC_C_LANGUAGE_STANDARD = gnu11;
				GCC_DYNAMIC_NO_PIC = NO;
				GCC_NO_COMMON_BLOCKS = YES;
				GCC_OPTIMIZATION_LEVEL = 0;
				GCC_PREPROCESSOR_DEFINITIONS = (
					"DEBUG=1",
					"$(inherited)",
				);
				GCC_WARN_64_TO_32_BIT_CONVERSION = YES;
				GCC_WARN_ABOUT_RETURN_TYPE = YES_ERROR;
				GCC_WARN_UNDECLARED_SELECTOR = YES;
				GCC_WARN_UNINITIALIZED_AUTOS = YES_AGGRESSIVE;
				GCC_WARN_UNUSED_FUNCTION = YES;
				GCC_WARN_UNUSED_VARIABLE = YES;
				IPHONEOS_DEPLOYMENT_TARGET = 15.5;
				MTL_ENABLE_DEBUG_INFO = INCLUDE_SOURCE;
				MTL_FAST_MATH = YES;
				ONLY_ACTIVE_ARCH = YES;
				SDKROOT = iphoneos;
				SWIFT_ACTIVE_COMPILATION_CONDITIONS = DEBUG;
				SWIFT_OPTIMIZATION_LEVEL = "-Onone";
			};
			name = Debug;
		};
		3B755B58285073600070A60D /* Release */ = {
			isa = XCBuildConfiguration;
			buildSettings = {
				ALWAYS_SEARCH_USER_PATHS = NO;
				CLANG_ANALYZER_NONNULL = YES;
				CLANG_ANALYZER_NUMBER_OBJECT_CONVERSION = YES_AGGRESSIVE;
				CLANG_CXX_LANGUAGE_STANDARD = "gnu++17";
				CLANG_ENABLE_MODULES = YES;
				CLANG_ENABLE_OBJC_ARC = YES;
				CLANG_ENABLE_OBJC_WEAK = YES;
				CLANG_WARN_BLOCK_CAPTURE_AUTORELEASING = YES;
				CLANG_WARN_BOOL_CONVERSION = YES;
				CLANG_WARN_COMMA = YES;
				CLANG_WARN_CONSTANT_CONVERSION = YES;
				CLANG_WARN_DEPRECATED_OBJC_IMPLEMENTATIONS = YES;
				CLANG_WARN_DIRECT_OBJC_ISA_USAGE = YES_ERROR;
				CLANG_WARN_DOCUMENTATION_COMMENTS = YES;
				CLANG_WARN_EMPTY_BODY = YES;
				CLANG_WARN_ENUM_CONVERSION = YES;
				CLANG_WARN_INFINITE_RECURSION = YES;
				CLANG_WARN_INT_CONVERSION = YES;
				CLANG_WARN_NON_LITERAL_NULL_CONVERSION = YES;
				CLANG_WARN_OBJC_IMPLICIT_RETAIN_SELF = YES;
				CLANG_WARN_OBJC_LITERAL_CONVERSION = YES;
				CLANG_WARN_OBJC_ROOT_CLASS = YES_ERROR;
				CLANG_WARN_QUOTED_INCLUDE_IN_FRAMEWORK_HEADER = YES;
				CLANG_WARN_RANGE_LOOP_ANALYSIS = YES;
				CLANG_WARN_STRICT_PROTOTYPES = YES;
				CLANG_WARN_SUSPICIOUS_MOVE = YES;
				CLANG_WARN_UNGUARDED_AVAILABILITY = YES_AGGRESSIVE;
				CLANG_WARN_UNREACHABLE_CODE = YES;
				CLANG_WARN__DUPLICATE_METHOD_MATCH = YES;
				COPY_PHASE_STRIP = NO;
				DEBUG_INFORMATION_FORMAT = "dwarf-with-dsym";
				ENABLE_NS_ASSERTIONS = NO;
				ENABLE_STRICT_OBJC_MSGSEND = YES;
				GCC_C_LANGUAGE_STANDARD = gnu11;
				GCC_NO_COMMON_BLOCKS = YES;
				GCC_WARN_64_TO_32_BIT_CONVERSION = YES;
				GCC_WARN_ABOUT_RETURN_TYPE = YES_ERROR;
				GCC_WARN_UNDECLARED_SELECTOR = YES;
				GCC_WARN_UNINITIALIZED_AUTOS = YES_AGGRESSIVE;
				GCC_WARN_UNUSED_FUNCTION = YES;
				GCC_WARN_UNUSED_VARIABLE = YES;
				IPHONEOS_DEPLOYMENT_TARGET = 15.5;
				MTL_ENABLE_DEBUG_INFO = NO;
				MTL_FAST_MATH = YES;
				SDKROOT = iphoneos;
				SWIFT_COMPILATION_MODE = wholemodule;
				SWIFT_OPTIMIZATION_LEVEL = "-O";
				VALIDATE_PRODUCT = YES;
			};
			name = Release;
		};
		3B755B5A285073600070A60D /* Debug */ = {
			isa = XCBuildConfiguration;
			buildSettings = {
				ASSETCATALOG_COMPILER_APPICON_NAME = AppIcon;
				ASSETCATALOG_COMPILER_GLOBAL_ACCENT_COLOR_NAME = AccentColor;
				CODE_SIGN_STYLE = Automatic;
				CURRENT_PROJECT_VERSION = 1;
				DEVELOPMENT_TEAM = 3BLPM87ZFN;
				GENERATE_INFOPLIST_FILE = YES;
				INFOPLIST_FILE = Expt7/Info.plist;
				INFOPLIST_KEY_UIApplicationSupportsIndirectInputEvents = YES;
				INFOPLIST_KEY_UILaunchStoryboardName = LaunchScreen;
				INFOPLIST_KEY_UIMainStoryboardFile = Main;
				INFOPLIST_KEY_UISupportedInterfaceOrientations_iPad = "UIInterfaceOrientationPortrait UIInterfaceOrientationPortraitUpsideDown UIInterfaceOrientationLandscapeLeft UIInterfaceOrientationLandscapeRight";
				INFOPLIST_KEY_UISupportedInterfaceOrientations_iPhone = "UIInterfaceOrientationPortrait UIInterfaceOrientationLandscapeLeft UIInterfaceOrientationLandscapeRight";
				LD_RUNPATH_SEARCH_PATHS = (
					"$(inherited)",
					"@executable_path/Frameworks",
				);
				MARKETING_VERSION = 1.0;
				PRODUCT_BUNDLE_IDENTIFIER = Practice.Expt7;
				PRODUCT_NAME = "$(TARGET_NAME)";
				SWIFT_EMIT_LOC_STRINGS = YES;
				SWIFT_VERSION = 5.0;
				TARGETED_DEVICE_FAMILY = "1,2";
			};
			name = Debug;
		};
		3B755B5B285073600070A60D /* Release */ = {
			isa = XCBuildConfiguration;
			buildSettings = {
				ASSETCATALOG_COMPILER_APPICON_NAME = AppIcon;
				ASSETCATALOG_COMPILER_GLOBAL_ACCENT_COLOR_NAME = AccentColor;
				CODE_SIGN_STYLE = Automatic;
				CURRENT_PROJECT_VERSION = 1;
				DEVELOPMENT_TEAM = 3BLPM87ZFN;
				GENERATE_INFOPLIST_FILE = YES;
				INFOPLIST_FILE = Expt7/Info.plist;
				INFOPLIST_KEY_UIApplicationSupportsIndirectInputEvents = YES;
				INFOPLIST_KEY_UILaunchStoryboardName = LaunchScreen;
				INFOPLIST_KEY_UIMainStoryboardFile = Main;
				INFOPLIST_KEY_UISupportedInterfaceOrientations_iPad = "UIInterfaceOrientationPortrait UIInterfaceOrientationPortraitUpsideDown UIInterfaceOrientationLandscapeLeft UIInterfaceOrientationLandscapeRight";
				INFOPLIST_KEY_UISupportedInterfaceOrientations_iPhone = "UIInterfaceOrientationPortrait UIInterfaceOrientationLandscapeLeft UIInterfaceOrientationLandscapeRight";
				LD_RUNPATH_SEARCH_PATHS = (
					"$(inherited)",
					"@executable_path/Frameworks",
				);
				MARKETING_VERSION = 1.0;
				PRODUCT_BUNDLE_IDENTIFIER = Practice.Expt7;
				PRODUCT_NAME = "$(TARGET_NAME)";
				SWIFT_EMIT_LOC_STRINGS = YES;
				SWIFT_VERSION = 5.0;
				TARGETED_DEVICE_FAMILY = "1,2";
			};
			name = Release;
		};
		3B755B5D285073600070A60D /* Debug */ = {
			isa = XCBuildConfiguration;
			buildSettings = {
				ALWAYS_EMBED_SWIFT_STANDARD_LIBRARIES = YES;
				BUNDLE_LOADER = "$(TEST_HOST)";
				CODE_SIGN_STYLE = Automatic;
				CURRENT_PROJECT_VERSION = 1;
				DEVELOPMENT_TEAM = 3BLPM87ZFN;
				GENERATE_INFOPLIST_FILE = YES;
				IPHONEOS_DEPLOYMENT_TARGET = 15.5;
				MARKETING_VERSION = 1.0;
				PRODUCT_BUNDLE_IDENTIFIER = Practice.Expt7Tests;
				PRODUCT_NAME = "$(TARGET_NAME)";
				SWIFT_EMIT_LOC_STRINGS = NO;
				SWIFT_VERSION = 5.0;
				TARGETED_DEVICE_FAMILY = "1,2";
				TEST_HOST = "$(BUILT_PRODUCTS_DIR)/Expt7.app/Expt7";
			};
			name = Debug;
		};
		3B755B5E285073600070A60D /* Release */ = {
			isa = XCBuildConfiguration;
			buildSettings = {
				ALWAYS_EMBED_SWIFT_STANDARD_LIBRARIES = YES;
				BUNDLE_LOADER = "$(TEST_HOST)";
				CODE_SIGN_STYLE = Automatic;
				CURRENT_PROJECT_VERSION = 1;
				DEVELOPMENT_TEAM = 3BLPM87ZFN;
				GENERATE_INFOPLIST_FILE = YES;
				IPHONEOS_DEPLOYMENT_TARGET = 15.5;
				MARKETING_VERSION = 1.0;
				PRODUCT_BUNDLE_IDENTIFIER = Practice.Expt7Tests;
				PRODUCT_NAME = "$(TARGET_NAME)";
				SWIFT_EMIT_LOC_STRINGS = NO;
				SWIFT_VERSION = 5.0;
				TARGETED_DEVICE_FAMILY = "1,2";
				TEST_HOST = "$(BUILT_PRODUCTS_DIR)/Expt7.app/Expt7";
			};
			name = Release;
		};
		3B755B60285073600070A60D /* Debug */ = {
			isa = XCBuildConfiguration;
			buildSettings = {
				ALWAYS_EMBED_SWIFT_STANDARD_LIBRARIES = YES;
				CODE_SIGN_STYLE = Automatic;
				CURRENT_PROJECT_VERSION = 1;
				DEVELOPMENT_TEAM = 3BLPM87ZFN;
				GENERATE_INFOPLIST_FILE = YES;
				MARKETING_VERSION = 1.0;
				PRODUCT_BUNDLE_IDENTIFIER = Practice.Expt7UITests;
				PRODUCT_NAME = "$(TARGET_NAME)";
				SWIFT_EMIT_LOC_STRINGS = NO;
				SWIFT_VERSION = 5.0;
				TARGETED_DEVICE_FAMILY = "1,2";
				TEST_TARGET_NAME = Expt7;
			};
			name = Debug;
		};
		3B755B61285073600070A60D /* Release */ = {
			isa = XCBuildConfiguration;
			buildSettings = {
				ALWAYS_EMBED_SWIFT_STANDARD_LIBRARIES = YES;
				CODE_SIGN_STYLE = Automatic;
				CURRENT_PROJECT_VERSION = 1;
				DEVELOPMENT_TEAM = 3BLPM87ZFN;
				GENERATE_INFOPLIST_FILE = YES;
				MARKETING_VERSION = 1.0;
				PRODUCT_BUNDLE_IDENTIFIER = Practice.Expt7UITests;
				PRODUCT_NAME = "$(TARGET_NAME)";
				SWIFT_EMIT_LOC_STRINGS = NO;
				SWIFT_VERSION = 5.0;
				TARGETED_DEVICE_FAMILY = "1,2";
				TEST_TARGET_NAME = Expt7;
			};
			name = Release;
		};
/* End XCBuildConfiguration section */

/* Begin XCConfigurationList section */
		3B755B2A2850735E0070A60D /* Build configuration list for PBXProject "Expt7" */ = {
			isa = XCConfigurationList;
			buildConfigurations = (
				3B755B57285073600070A60D /* Debug */,
				3B755B58285073600070A60D /* Release */,
			);
			defaultConfigurationIsVisible = 0;
			defaultConfigurationName = Release;
		};
		3B755B59285073600070A60D /* Build configuration list for PBXNativeTarget "Expt7" */ = {
			isa = XCConfigurationList;
			buildConfigurations = (
				3B755B5A285073600070A60D /* Debug */,
				3B755B5B285073600070A60D /* Release */,
			);
			defaultConfigurationIsVisible = 0;
			defaultConfigurationName = Release;
		};
		3B755B5C285073600070A60D /* Build configuration list for PBXNativeTarget "Expt7Tests" */ = {
			isa = XCConfigurationList;
			buildConfigurations = (
				3B755B5D285073600070A60D /* Debug */,
				3B755B5E285073600070A60D /* Release */,
			);
			defaultConfigurationIsVisible = 0;
			defaultConfigurationName = Release;
		};
		3B755B5F285073600070A60D /* Build configuration list for PBXNativeTarget "Expt7UITests" */ = {
			isa = XCConfigurationList;
			buildConfigurations = (
				3B755B60285073600070A60D /* Debug */,
				3B755B61285073600070A60D /* Release */,
			);
			defaultConfigurationIsVisible = 0;
			defaultConfigurationName = Release;
		};
/* End XCConfigurationList section */
	};
	rootObject = 3B755B272850735E0070A60D /* Project object */;
}
